
Microsoft Visual Studio Solution File, Format Version 11.00
# Visual Studio 2010
Project("{FAE04EC0-301F-11D3-BF4B-00C04F79EFBC}") = "Assembly-CSharp", "Assembly-CSharp.csproj", "{C6DE2362-54B9-37F0-3FAC-49287BDC06F8}"
EndProject
Project("{FAE04EC0-301F-11D3-BF4B-00C04F79EFBC}") = "Assembly-CSharp-Editor", "Assembly-CSharp-Editor.csproj", "{EBF22E6F-0B02-4CF7-CDF0-A449207F2438}"
EndProject
Global
	GlobalSection(SolutionConfigurationPlatforms) = preSolution
		Debug|Any CPU = Debug|Any CPU
		Release|Any CPU = Release|Any CPU
	EndGlobalSection
	GlobalSection(ProjectConfigurationPlatforms) = postSolution
		{C6DE2362-54B9-37F0-3FAC-49287BDC06F8}.Debug|Any CPU.ActiveCfg = Debug|Any CPU
		{C6DE2362-54B9-37F0-3FAC-49287BDC06F8}.Debug|Any CPU.Build.0 = Debug|Any CPU
		{C6DE2362-54B9-37F0-3FAC-49287BDC06F8}.Release|Any CPU.ActiveCfg = Release|Any CPU
		{C6DE2362-54B9-37F0-3FAC-49287BDC06F8}.Release|Any CPU.Build.0 = Release|Any CPU
		{EBF22E6F-0B02-4CF7-CDF0-A449207F2438}.Debug|Any CPU.ActiveCfg = Debug|Any CPU
		{EBF22E6F-0B02-4CF7-CDF0-A449207F2438}.Debug|Any CPU.Build.0 = Debug|Any CPU
		{EBF22E6F-0B02-4CF7-CDF0-A449207F2438}.Release|Any CPU.ActiveCfg = Release|Any CPU
		{EBF22E6F-0B02-4CF7-CDF0-A449207F2438}.Release|Any CPU.Build.0 = Release|Any CPU
	EndGlobalSection
	GlobalSection(SolutionProperties) = preSolution
		HideSolutionNode = FALSE
	EndGlobalSection
	GlobalSection(MonoDevelopProperties) = preSolution
		StartupItem = Assembly-CSharp.csproj
	EndGlobalSection
EndGlobal
